
Microsoft Visual Studio Solution File, Format Version 12.00
# Visual Studio Version 17
VisualStudioVersion = 17.3.32825.248
MinimumVisualStudioVersion = 10.0.40219.1
Project("{FAE04EC0-301F-11D3-BF4B-00C04F79EFBC}") = "library", "library\library.csproj", "{127E4E02-1EB7-4E79-BBAB-2909F5D483EE}"
EndProject
Global
	GlobalSection(SolutionConfigurationPlatforms) = preSolution
		Debug|Any CPU = Debug|Any CPU
		Release|Any CPU = Release|Any CPU
	EndGlobalSection
	GlobalSection(ProjectConfigurationPlatforms) = postSolution
		{127E4E02-1EB7-4E79-BBAB-2909F5D483EE}.Debug|Any CPU.ActiveCfg = Debug|Any CPU
		{127E4E02-1EB7-4E79-BBAB-2909F5D483EE}.Debug|Any CPU.Build.0 = Debug|Any CPU
		{127E4E02-1EB7-4E79-BBAB-2909F5D483EE}.Release|Any CPU.ActiveCfg = Release|Any CPU
		{127E4E02-1EB7-4E79-BBAB-2909F5D483EE}.Release|Any CPU.Build.0 = Release|Any CPU
	EndGlobalSection
	GlobalSection(SolutionProperties) = preSolution
		HideSolutionNode = FALSE
	EndGlobalSection
	GlobalSection(ExtensibilityGlobals) = postSolution
		SolutionGuid = {37D58F51-4CDF-484D-838C-6A0C52DF4B39}
	EndGlobalSection
EndGlobal
